// !$*UTF8*$!
{
	archiveVersion = 1;
	classes = {
	};
	objectVersion = 46;
	objects = {

/* Begin PBXBuildFile section */
		523D65DD27F217DA00A79E70 /* dummy.swift in Sources */ = {isa = PBXBuildFile; fileRef = 523D65DC27F217DA00A79E70 /* dummy.swift */; };
		AF72F1F0282A744E00BDF57A /* HttpUtility.swift in Sources */ = {isa = PBXBuildFile; fileRef = AF72F1EB282A744E00BDF57A /* HttpUtility.swift */; };
		AF72F1F1282A744E00BDF57A /* HUHttpMethods.swift in Sources */ = {isa = PBXBuildFile; fileRef = AF72F1EC282A744E00BDF57A /* HUHttpMethods.swift */; };
		AF72F1F2282A744E00BDF57A /* HURequest.swift in Sources */ = {isa = PBXBuildFile; fileRef = AF72F1ED282A744E00BDF57A /* HURequest.swift */; };
		AF72F1F3282A744E00BDF57A /* HUNetworkError.swift in Sources */ = {isa = PBXBuildFile; fileRef = AF72F1EE282A744E00BDF57A /* HUNetworkError.swift */; };
		AF72F1F4282A744E00BDF57A /* MDLInitApi.swift in Sources */ = {isa = PBXBuildFile; fileRef = AF72F1EF282A744E00BDF57A /* MDLInitApi.swift */; };
		AF72F207282A745500BDF57A /* NSData+AES256.m in Sources */ = {isa = PBXBuildFile; fileRef = AF72F1F6282A745500BDF57A /* NSData+AES256.m */; };
		AF72F208282A745500BDF57A /* BLEEncryption.m in Sources */ = {isa = PBXBuildFile; fileRef = AF72F1F9282A745500BDF57A /* BLEEncryption.m */; };
		AF72F209282A745500BDF57A /* KeychainHelper.swift in Sources */ = {isa = PBXBuildFile; fileRef = AF72F1FB282A745500BDF57A /* KeychainHelper.swift */; };
		AF72F20A282A745500BDF57A /* BLE+MainMethods.swift in Sources */ = {isa = PBXBuildFile; fileRef = AF72F1FD282A745500BDF57A /* BLE+MainMethods.swift */; };
		AF72F20B282A745500BDF57A /* BLE+Constants.swift in Sources */ = {isa = PBXBuildFile; fileRef = AF72F1FE282A745500BDF57A /* BLE+Constants.swift */; };
		AF72F20C282A745500BDF57A /* BLE+Errors.swift in Sources */ = {isa = PBXBuildFile; fileRef = AF72F1FF282A745500BDF57A /* BLE+Errors.swift */; };
		AF72F20D282A745500BDF57A /* BLE+Extensions.swift in Sources */ = {isa = PBXBuildFile; fileRef = AF72F200282A745500BDF57A /* BLE+Extensions.swift */; };
		AF72F20E282A745500BDF57A /* BLEManager+Protocol.swift in Sources */ = {isa = PBXBuildFile; fileRef = AF72F201282A745500BDF57A /* BLEManager+Protocol.swift */; };
		AF72F20F282A745500BDF57A /* BLESdkSwift.swift in Sources */ = {isa = PBXBuildFile; fileRef = AF72F202282A745500BDF57A /* BLESdkSwift.swift */; };
		AF72F210282A745500BDF57A /* BLE+Command.swift in Sources */ = {isa = PBXBuildFile; fileRef = AF72F203282A745500BDF57A /* BLE+Command.swift */; };
		AF72F211282A745500BDF57A /* BLE+Scanning.swift in Sources */ = {isa = PBXBuildFile; fileRef = AF72F204282A745500BDF57A /* BLE+Scanning.swift */; };
		AF72F212282A745500BDF57A /* BLE+Delegates.swift in Sources */ = {isa = PBXBuildFile; fileRef = AF72F205282A745500BDF57A /* BLE+Delegates.swift */; };
		AF72F213282A745500BDF57A /* BLEDevice.swift in Sources */ = {isa = PBXBuildFile; fileRef = AF72F206282A745500BDF57A /* BLEDevice.swift */; };
/* End PBXBuildFile section */

/* Begin PBXCopyFilesBuildPhase section */
		58B511D91A9E6C8500147676 /* CopyFiles */ = {
			isa = PBXCopyFilesBuildPhase;
			buildActionMask = 2147483647;
			dstPath = "include/$(PRODUCT_NAME)";
			dstSubfolderSpec = 16;
			files = (
			);
			runOnlyForDeploymentPostprocessing = 0;
		};
/* End PBXCopyFilesBuildPhase section */

/* Begin PBXFileReference section */
		134814201AA4EA6300B7C361 /* libSpectrableModule.a */ = {isa = PBXFileReference; explicitFileType = archive.ar; includeInIndex = 0; path = libSpectrableModule.a; sourceTree = BUILT_PRODUCTS_DIR; };
		523D65DB27F217DA00A79E70 /* SpectrableModule-Bridging-Header.h */ = {isa = PBXFileReference; lastKnownFileType = sourcecode.c.h; path = "SpectrableModule-Bridging-Header.h"; sourceTree = "<group>"; };
		523D65DC27F217DA00A79E70 /* dummy.swift */ = {isa = PBXFileReference; lastKnownFileType = sourcecode.swift; path = dummy.swift; sourceTree = "<group>"; };
		AF2D6FC3283D144800C84BE6 /* SpectraBLE-Swift.h */ = {isa = PBXFileReference; fileEncoding = 4; lastKnownFileType = sourcecode.c.h; path = "SpectraBLE-Swift.h"; sourceTree = "<group>"; };
		AF72F1EB282A744E00BDF57A /* HttpUtility.swift */ = {isa = PBXFileReference; fileEncoding = 4; lastKnownFileType = sourcecode.swift; path = HttpUtility.swift; sourceTree = "<group>"; };
		AF72F1EC282A744E00BDF57A /* HUHttpMethods.swift */ = {isa = PBXFileReference; fileEncoding = 4; lastKnownFileType = sourcecode.swift; path = HUHttpMethods.swift; sourceTree = "<group>"; };
		AF72F1ED282A744E00BDF57A /* HURequest.swift */ = {isa = PBXFileReference; fileEncoding = 4; lastKnownFileType = sourcecode.swift; path = HURequest.swift; sourceTree = "<group>"; };
		AF72F1EE282A744E00BDF57A /* HUNetworkError.swift */ = {isa = PBXFileReference; fileEncoding = 4; lastKnownFileType = sourcecode.swift; path = HUNetworkError.swift; sourceTree = "<group>"; };
		AF72F1EF282A744E00BDF57A /* MDLInitApi.swift */ = {isa = PBXFileReference; fileEncoding = 4; lastKnownFileType = sourcecode.swift; path = MDLInitApi.swift; sourceTree = "<group>"; };
		AF72F1F6282A745500BDF57A /* NSData+AES256.m */ = {isa = PBXFileReference; fileEncoding = 4; lastKnownFileType = sourcecode.c.objc; path = "NSData+AES256.m"; sourceTree = "<group>"; };
		AF72F1F7282A745500BDF57A /* BLEEncryption.h */ = {isa = PBXFileReference; fileEncoding = 4; lastKnownFileType = sourcecode.c.h; path = BLEEncryption.h; sourceTree = "<group>"; };
		AF72F1F8282A745500BDF57A /* NSData+AES256.h */ = {isa = PBXFileReference; fileEncoding = 4; lastKnownFileType = sourcecode.c.h; path = "NSData+AES256.h"; sourceTree = "<group>"; };
		AF72F1F9282A745500BDF57A /* BLEEncryption.m */ = {isa = PBXFileReference; fileEncoding = 4; lastKnownFileType = sourcecode.c.objc; path = BLEEncryption.m; sourceTree = "<group>"; };
		AF72F1FB282A745500BDF57A /* KeychainHelper.swift */ = {isa = PBXFileReference; fileEncoding = 4; lastKnownFileType = sourcecode.swift; path = KeychainHelper.swift; sourceTree = "<group>"; };
		AF72F1FD282A745500BDF57A /* BLE+MainMethods.swift */ = {isa = PBXFileReference; fileEncoding = 4; lastKnownFileType = sourcecode.swift; path = "BLE+MainMethods.swift"; sourceTree = "<group>"; };
		AF72F1FE282A745500BDF57A /* BLE+Constants.swift */ = {isa = PBXFileReference; fileEncoding = 4; lastKnownFileType = sourcecode.swift; path = "BLE+Constants.swift"; sourceTree = "<group>"; };
		AF72F1FF282A745500BDF57A /* BLE+Errors.swift */ = {isa = PBXFileReference; fileEncoding = 4; lastKnownFileType = sourcecode.swift; path = "BLE+Errors.swift"; sourceTree = "<group>"; };
		AF72F200282A745500BDF57A /* BLE+Extensions.swift */ = {isa = PBXFileReference; fileEncoding = 4; lastKnownFileType = sourcecode.swift; path = "BLE+Extensions.swift"; sourceTree = "<group>"; };
		AF72F201282A745500BDF57A /* BLEManager+Protocol.swift */ = {isa = PBXFileReference; fileEncoding = 4; lastKnownFileType = sourcecode.swift; path = "BLEManager+Protocol.swift"; sourceTree = "<group>"; };
		AF72F202282A745500BDF57A /* BLESdkSwift.swift */ = {isa = PBXFileReference; fileEncoding = 4; lastKnownFileType = sourcecode.swift; path = BLESdkSwift.swift; sourceTree = "<group>"; };
		AF72F203282A745500BDF57A /* BLE+Command.swift */ = {isa = PBXFileReference; fileEncoding = 4; lastKnownFileType = sourcecode.swift; path = "BLE+Command.swift"; sourceTree = "<group>"; };
		AF72F204282A745500BDF57A /* BLE+Scanning.swift */ = {isa = PBXFileReference; fileEncoding = 4; lastKnownFileType = sourcecode.swift; path = "BLE+Scanning.swift"; sourceTree = "<group>"; };
		AF72F205282A745500BDF57A /* BLE+Delegates.swift */ = {isa = PBXFileReference; fileEncoding = 4; lastKnownFileType = sourcecode.swift; path = "BLE+Delegates.swift"; sourceTree = "<group>"; };
		AF72F206282A745500BDF57A /* BLEDevice.swift */ = {isa = PBXFileReference; fileEncoding = 4; lastKnownFileType = sourcecode.swift; path = BLEDevice.swift; sourceTree = "<group>"; };
		B3E7B5881CC2AC0600A0062D /* SpectrableModule.h */ = {isa = PBXFileReference; fileEncoding = 4; lastKnownFileType = sourcecode.c.h; path = SpectrableModule.h; sourceTree = "<group>"; };
		B3E7B5891CC2AC0600A0062D /* SpectrableModule.m */ = {isa = PBXFileReference; fileEncoding = 4; lastKnownFileType = sourcecode.c.objc; path = SpectrableModule.m; sourceTree = "<group>"; };
/* End PBXFileReference section */

/* Begin PBXFrameworksBuildPhase section */
		58B511D81A9E6C8500147676 /* Frameworks */ = {
			isa = PBXFrameworksBuildPhase;
			buildActionMask = 2147483647;
			files = (
			);
			runOnlyForDeploymentPostprocessing = 0;
		};
/* End PBXFrameworksBuildPhase section */

/* Begin PBXGroup section */
		134814211AA4EA7D00B7C361 /* Products */ = {
			isa = PBXGroup;
			children = (
				134814201AA4EA6300B7C361 /* libSpectrableModule.a */,
			);
			name = Products;
			sourceTree = "<group>";
		};
		52D4E54E27F2B21F00AB8EC5 /* Frameworks */ = {
			isa = PBXGroup;
			children = (
			);
			name = Frameworks;
			sourceTree = "<group>";
		};
		58B511D21A9E6C8500147676 = {
			isa = PBXGroup;
			children = (
				AF72F1FC282A745500BDF57A /* BLE */,
				AF72F1F5282A745500BDF57A /* Encryption */,
				AF72F1FA282A745500BDF57A /* KeyChainWrapper */,
				AF72F1EA282A744E00BDF57A /* APIUtility */,
				523D65DC27F217DA00A79E70 /* dummy.swift */,
				B3E7B5881CC2AC0600A0062D /* SpectrableModule.h */,
				B3E7B5891CC2AC0600A0062D /* SpectrableModule.m */,
				134814211AA4EA7D00B7C361 /* Products */,
				523D65DB27F217DA00A79E70 /* SpectrableModule-Bridging-Header.h */,
				AF2D6FC3283D144800C84BE6 /* SpectraBLE-Swift.h */,
				52D4E54E27F2B21F00AB8EC5 /* Frameworks */,
			);
			sourceTree = "<group>";
		};
		AF72F1EA282A744E00BDF57A /* APIUtility */ = {
			isa = PBXGroup;
			children = (
				AF72F1EB282A744E00BDF57A /* HttpUtility.swift */,
				AF72F1EC282A744E00BDF57A /* HUHttpMethods.swift */,
				AF72F1ED282A744E00BDF57A /* HURequest.swift */,
				AF72F1EE282A744E00BDF57A /* HUNetworkError.swift */,
				AF72F1EF282A744E00BDF57A /* MDLInitApi.swift */,
			);
			path = APIUtility;
			sourceTree = "<group>";
		};
		AF72F1F5282A745500BDF57A /* Encryption */ = {
			isa = PBXGroup;
			children = (
				AF72F1F6282A745500BDF57A /* NSData+AES256.m */,
				AF72F1F8282A745500BDF57A /* NSData+AES256.h */,
				AF72F1F7282A745500BDF57A /* BLEEncryption.h */,
				AF72F1F9282A745500BDF57A /* BLEEncryption.m */,
			);
			path = Encryption;
			sourceTree = "<group>";
		};
		AF72F1FA282A745500BDF57A /* KeyChainWrapper */ = {
			isa = PBXGroup;
			children = (
				AF72F1FB282A745500BDF57A /* KeychainHelper.swift */,
			);
			path = KeyChainWrapper;
			sourceTree = "<group>";
		};
		AF72F1FC282A745500BDF57A /* BLE */ = {
			isa = PBXGroup;
			children = (
				AF72F1FD282A745500BDF57A /* BLE+MainMethods.swift */,
				AF72F1FE282A745500BDF57A /* BLE+Constants.swift */,
				AF72F1FF282A745500BDF57A /* BLE+Errors.swift */,
				AF72F200282A745500BDF57A /* BLE+Extensions.swift */,
				AF72F201282A745500BDF57A /* BLEManager+Protocol.swift */,
				AF72F202282A745500BDF57A /* BLESdkSwift.swift */,
				AF72F203282A745500BDF57A /* BLE+Command.swift */,
				AF72F204282A745500BDF57A /* BLE+Scanning.swift */,
				AF72F205282A745500BDF57A /* BLE+Delegates.swift */,
				AF72F206282A745500BDF57A /* BLEDevice.swift */,
			);
			path = BLE;
			sourceTree = "<group>";
		};
/* End PBXGroup section */

/* Begin PBXNativeTarget section */
		58B511DA1A9E6C8500147676 /* SpectrableModule */ = {
			isa = PBXNativeTarget;
			buildConfigurationList = 58B511EF1A9E6C8500147676 /* Build configuration list for PBXNativeTarget "SpectrableModule" */;
			buildPhases = (
				58B511D71A9E6C8500147676 /* Sources */,
				58B511D81A9E6C8500147676 /* Frameworks */,
				58B511D91A9E6C8500147676 /* CopyFiles */,
			);
			buildRules = (
			);
			dependencies = (
			);
			name = SpectrableModule;
			productName = RCTDataManager;
			productReference = 134814201AA4EA6300B7C361 /* libSpectrableModule.a */;
			productType = "com.apple.product-type.library.static";
		};
/* End PBXNativeTarget section */

/* Begin PBXProject section */
		58B511D31A9E6C8500147676 /* Project object */ = {
			isa = PBXProject;
			attributes = {
				LastUpgradeCheck = 0920;
				ORGANIZATIONNAME = Facebook;
				TargetAttributes = {
					58B511DA1A9E6C8500147676 = {
						CreatedOnToolsVersion = 6.1.1;
						LastSwiftMigration = 1220;
					};
				};
			};
			buildConfigurationList = 58B511D61A9E6C8500147676 /* Build configuration list for PBXProject "SpectrableModule" */;
			compatibilityVersion = "Xcode 3.2";
			developmentRegion = English;
			hasScannedForEncodings = 0;
			knownRegions = (
				English,
				en,
			);
			mainGroup = 58B511D21A9E6C8500147676;
			productRefGroup = 58B511D21A9E6C8500147676;
			projectDirPath = "";
			projectRoot = "";
			targets = (
				58B511DA1A9E6C8500147676 /* SpectrableModule */,
			);
		};
/* End PBXProject section */

/* Begin PBXSourcesBuildPhase section */
		58B511D71A9E6C8500147676 /* Sources */ = {
			isa = PBXSourcesBuildPhase;
			buildActionMask = 2147483647;
			files = (
				AF72F211282A745500BDF57A /* BLE+Scanning.swift in Sources */,
				AF72F208282A745500BDF57A /* BLEEncryption.m in Sources */,
				AF72F20B282A745500BDF57A /* BLE+Constants.swift in Sources */,
				AF72F20F282A745500BDF57A /* BLESdkSwift.swift in Sources */,
				AF72F1F2282A744E00BDF57A /* HURequest.swift in Sources */,
				AF72F1F0282A744E00BDF57A /* HttpUtility.swift in Sources */,
				AF72F213282A745500BDF57A /* BLEDevice.swift in Sources */,
				AF72F1F1282A744E00BDF57A /* HUHttpMethods.swift in Sources */,
				AF72F209282A745500BDF57A /* KeychainHelper.swift in Sources */,
				AF72F20C282A745500BDF57A /* BLE+Errors.swift in Sources */,
				AF72F20A282A745500BDF57A /* BLE+MainMethods.swift in Sources */,
				AF72F210282A745500BDF57A /* BLE+Command.swift in Sources */,
				523D65DD27F217DA00A79E70 /* dummy.swift in Sources */,
				AF72F20E282A745500BDF57A /* BLEManager+Protocol.swift in Sources */,
				AF72F1F4282A744E00BDF57A /* MDLInitApi.swift in Sources */,
				AF72F207282A745500BDF57A /* NSData+AES256.m in Sources */,
				AF72F20D282A745500BDF57A /* BLE+Extensions.swift in Sources */,
				AF72F212282A745500BDF57A /* BLE+Delegates.swift in Sources */,
				AF72F1F3282A744E00BDF57A /* HUNetworkError.swift in Sources */,
			);
			runOnlyForDeploymentPostprocessing = 0;
		};
/* End PBXSourcesBuildPhase section */

/* Begin XCBuildConfiguration section */
		58B511ED1A9E6C8500147676 /* Debug */ = {
			isa = XCBuildConfiguration;
			buildSettings = {
				ALWAYS_SEARCH_USER_PATHS = NO;
				CLANG_CXX_LANGUAGE_STANDARD = "gnu++0x";
				CLANG_CXX_LIBRARY = "libc++";
				CLANG_ENABLE_MODULES = YES;
				CLANG_ENABLE_OBJC_ARC = YES;
				CLANG_WARN_BLOCK_CAPTURE_AUTORELEASING = YES;
				CLANG_WARN_BOOL_CONVERSION = YES;
				CLANG_WARN_COMMA = YES;
				CLANG_WARN_CONSTANT_CONVERSION = YES;
				CLANG_WARN_DIRECT_OBJC_ISA_USAGE = YES_ERROR;
				CLANG_WARN_EMPTY_BODY = YES;
				CLANG_WARN_ENUM_CONVERSION = YES;
				CLANG_WARN_INFINITE_RECURSION = YES;
				CLANG_WARN_INT_CONVERSION = YES;
				CLANG_WARN_NON_LITERAL_NULL_CONVERSION = YES;
				CLANG_WARN_OBJC_LITERAL_CONVERSION = YES;
				CLANG_WARN_OBJC_ROOT_CLASS = YES_ERROR;
				CLANG_WARN_RANGE_LOOP_ANALYSIS = YES;
				CLANG_WARN_STRICT_PROTOTYPES = YES;
				CLANG_WARN_SUSPICIOUS_MOVE = YES;
				CLANG_WARN_UNREACHABLE_CODE = YES;
				CLANG_WARN__DUPLICATE_METHOD_MATCH = YES;
				COPY_PHASE_STRIP = NO;
				ENABLE_STRICT_OBJC_MSGSEND = YES;
				ENABLE_TESTABILITY = YES;
				GCC_C_LANGUAGE_STANDARD = gnu99;
				GCC_DYNAMIC_NO_PIC = NO;
				GCC_NO_COMMON_BLOCKS = YES;
				GCC_OPTIMIZATION_LEVEL = 0;
				GCC_PREPROCESSOR_DEFINITIONS = (
					"DEBUG=1",
					"$(inherited)",
				);
				GCC_SYMBOLS_PRIVATE_EXTERN = NO;
				GCC_WARN_64_TO_32_BIT_CONVERSION = YES;
				GCC_WARN_ABOUT_RETURN_TYPE = YES_ERROR;
				GCC_WARN_UNDECLARED_SELECTOR = YES;
				GCC_WARN_UNINITIALIZED_AUTOS = YES_AGGRESSIVE;
				GCC_WARN_UNUSED_FUNCTION = YES;
				GCC_WARN_UNUSED_VARIABLE = YES;
				IPHONEOS_DEPLOYMENT_TARGET = 11;
				MTL_ENABLE_DEBUG_INFO = YES;
				ONLY_ACTIVE_ARCH = YES;
				SDKROOT = iphoneos;
			};
			name = Debug;
		};
		58B511EE1A9E6C8500147676 /* Release */ = {
			isa = XCBuildConfiguration;
			buildSettings = {
				ALWAYS_SEARCH_USER_PATHS = NO;
				CLANG_CXX_LANGUAGE_STANDARD = "gnu++0x";
				CLANG_CXX_LIBRARY = "libc++";
				CLANG_ENABLE_MODULES = YES;
				CLANG_ENABLE_OBJC_ARC = YES;
				CLANG_WARN_BLOCK_CAPTURE_AUTORELEASING = YES;
				CLANG_WARN_BOOL_CONVERSION = YES;
				CLANG_WARN_COMMA = YES;
				CLANG_WARN_CONSTANT_CONVERSION = YES;
				CLANG_WARN_DIRECT_OBJC_ISA_USAGE = YES_ERROR;
				CLANG_WARN_EMPTY_BODY = YES;
				CLANG_WARN_ENUM_CONVERSION = YES;
				CLANG_WARN_INFINITE_RECURSION = YES;
				CLANG_WARN_INT_CONVERSION = YES;
				CLANG_WARN_NON_LITERAL_NULL_CONVERSION = YES;
				CLANG_WARN_OBJC_LITERAL_CONVERSION = YES;
				CLANG_WARN_OBJC_ROOT_CLASS = YES_ERROR;
				CLANG_WARN_RANGE_LOOP_ANALYSIS = YES;
				CLANG_WARN_STRICT_PROTOTYPES = YES;
				CLANG_WARN_SUSPICIOUS_MOVE = YES;
				CLANG_WARN_UNREACHABLE_CODE = YES;
				CLANG_WARN__DUPLICATE_METHOD_MATCH = YES;
				COPY_PHASE_STRIP = YES;
				ENABLE_NS_ASSERTIONS = NO;
				ENABLE_STRICT_OBJC_MSGSEND = YES;
				GCC_C_LANGUAGE_STANDARD = gnu99;
				GCC_NO_COMMON_BLOCKS = YES;
				GCC_WARN_64_TO_32_BIT_CONVERSION = YES;
				GCC_WARN_ABOUT_RETURN_TYPE = YES_ERROR;
				GCC_WARN_UNDECLARED_SELECTOR = YES;
				GCC_WARN_UNINITIALIZED_AUTOS = YES_AGGRESSIVE;
				GCC_WARN_UNUSED_FUNCTION = YES;
				GCC_WARN_UNUSED_VARIABLE = YES;
				IPHONEOS_DEPLOYMENT_TARGET = 11;
				MTL_ENABLE_DEBUG_INFO = NO;
				SDKROOT = iphoneos;
				VALIDATE_PRODUCT = YES;
			};
			name = Release;
		};
		58B511F01A9E6C8500147676 /* Debug */ = {
			isa = XCBuildConfiguration;
			buildSettings = {
				CLANG_ENABLE_MODULES = YES;
				HEADER_SEARCH_PATHS = (
					"$(inherited)",
					/Applications/Xcode.app/Contents/Developer/Toolchains/XcodeDefault.xctoolchain/usr/include,
					"$(SRCROOT)/../../../React/**",
					"$(SRCROOT)/../../react-native/React/**",
				);
				LD_RUNPATH_SEARCH_PATHS = "$(inherited) @executable_path/Frameworks @loader_path/Frameworks";
				LIBRARY_SEARCH_PATHS = "$(inherited)";
				OTHER_LDFLAGS = "-ObjC";
				PRODUCT_NAME = SpectrableModule;
				SKIP_INSTALL = YES;
				SWIFT_OBJC_BRIDGING_HEADER = "SpectrableModule-Bridging-Header.h";
				SWIFT_OPTIMIZATION_LEVEL = "-Onone";
				SWIFT_VERSION = 5.0;
			};
			name = Debug;
		};
		58B511F11A9E6C8500147676 /* Release */ = {
			isa = XCBuildConfiguration;
			buildSettings = {
				CLANG_ENABLE_MODULES = YES;
				HEADER_SEARCH_PATHS = (
					"$(inherited)",
					/Applications/Xcode.app/Contents/Developer/Toolchains/XcodeDefault.xctoolchain/usr/include,
					"$(SRCROOT)/../../../React/**",
					"$(SRCROOT)/../../react-native/React/**",
				);
				LD_RUNPATH_SEARCH_PATHS = "$(inherited) @executable_path/Frameworks @loader_path/Frameworks";
				LIBRARY_SEARCH_PATHS = "$(inherited)";
				OTHER_LDFLAGS = "-ObjC";
				PRODUCT_NAME = SpectrableModule;
				SKIP_INSTALL = YES;
				SWIFT_OBJC_BRIDGING_HEADER = "SpectrableModule-Bridging-Header.h";
				SWIFT_VERSION = 5.0;
			};
			name = Release;
		};
/* End XCBuildConfiguration section */

/* Begin XCConfigurationList section */
		58B511D61A9E6C8500147676 /* Build configuration list for PBXProject "SpectrableModule" */ = {
			isa = XCConfigurationList;
			buildConfigurations = (
				58B511ED1A9E6C8500147676 /* Debug */,
				58B511EE1A9E6C8500147676 /* Release */,
			);
			defaultConfigurationIsVisible = 0;
			defaultConfigurationName = Release;
		};
		58B511EF1A9E6C8500147676 /* Build configuration list for PBXNativeTarget "SpectrableModule" */ = {
			isa = XCConfigurationList;
			buildConfigurations = (
				58B511F01A9E6C8500147676 /* Debug */,
				58B511F11A9E6C8500147676 /* Release */,
			);
			defaultConfigurationIsVisible = 0;
			defaultConfigurationName = Release;
		};
/* End XCConfigurationList section */
	};
	rootObject = 58B511D31A9E6C8500147676 /* Project object */;
}
